# This file is automatically @generated by Poetry and should not be changed by hand.

[[package]]
name = "blspy"
version = "2.0.2"
description = "BLS signatures in c++ (python bindings)"
category = "main"
optional = false
python-versions = ">=3.7"
files = [
    {file = "blspy-2.0.2-cp310-cp310-macosx_10_14_x86_64.whl", hash = "sha256:c053733d674ff92fcb4059b36b75c29337d34afbd900a0bc2113ad86fc447b77"},
    {file = "blspy-2.0.2-cp310-cp310-macosx_11_0_arm64.whl", hash = "sha256:dbb053ccb1b48584cc4d357f29c770a2cf3e05faa8b184bd9294e8ed01a565b5"},
    {file = "blspy-2.0.2-cp310-cp310-manylinux_2_17_aarch64.manylinux2014_aarch64.whl", hash = "sha256:1a0b208b80fa76c9adf296a77aa805127840cf5ca8f1af6e8c223f803d1770c5"},
    {file = "blspy-2.0.2-cp310-cp310-manylinux_2_17_x86_64.manylinux2014_x86_64.whl", hash = "sha256:fc615db0f93911c24bb6512140e8f098f506d455c44fa1830fdb98e2590bc9f0"},
    {file = "blspy-2.0.2-cp310-cp310-win_amd64.whl", hash = "sha256:c5581b44d0a4e01ba55183cadfc0139b9a97620c7910a5487023918f07b85271"},
    {file = "blspy-2.0.2-cp311-cp311-macosx_10_14_x86_64.whl", hash = "sha256:fdb1dfc95c2563a7c3faa31e729ef972f5be04bcfd4478cc40e97e7df6c81bfb"},
    {file = "blspy-2.0.2-cp311-cp311-macosx_11_0_arm64.whl", hash = "sha256:ebff8fdecf5ce5d4fabd9f39d0a1a5bce66e560f7bd7126f300cfebe69ca5aff"},
    {file = "blspy-2.0.2-cp311-cp311-manylinux_2_17_aarch64.manylinux2014_aarch64.whl", hash = "sha256:29731d2f8203bee252bc8b80347486a17c278bf7ab6e0956a44a45a91e2d595d"},
    {file = "blspy-2.0.2-cp311-cp311-manylinux_2_17_x86_64.manylinux2014_x86_64.whl", hash = "sha256:67fe57111005f2ea19536b526c92e70567118fbba1f5bfc5aa59949a52127852"},
    {file = "blspy-2.0.2-cp311-cp311-win_amd64.whl", hash = "sha256:7347d140e0f2082f311b944385db2bacbe01363622754a237e9024e417b35f8c"},
    {file = "blspy-2.0.2-cp37-cp37m-macosx_10_14_x86_64.whl", hash = "sha256:e0c7c685aed512adf8691be054c0c0cc87a66b0323f2434a6341fe49076d78ab"},
    {file = "blspy-2.0.2-cp37-cp37m-manylinux_2_17_aarch64.manylinux2014_aarch64.whl", hash = "sha256:368da188d7eb4298e4ca59d253e8a11639534af045959c85f58f4c188fa361c1"},
    {file = "blspy-2.0.2-cp37-cp37m-manylinux_2_17_x86_64.manylinux2014_x86_64.whl", hash = "sha256:a9555039e51281ffe34bcb06215512721b5cd509102db68267eab8b314258c41"},
    {file = "blspy-2.0.2-cp37-cp37m-win_amd64.whl", hash = "sha256:e31a1a9adbf04b5f09321c5fa6b9fdc50bdc685d2f4c8335444e95513d81090e"},
    {file = "blspy-2.0.2-cp38-cp38-macosx_10_14_x86_64.whl", hash = "sha256:b2988f1ac4fa5063d3fb30ff5272ba5b51877d551120085dc9e1257d3228e89c"},
    {file = "blspy-2.0.2-cp38-cp38-macosx_11_0_arm64.whl", hash = "sha256:c51b2be0b81b786e6bc786c41735fbda0e335d31e2e163ef735ae56c6d3adb7f"},
    {file = "blspy-2.0.2-cp38-cp38-manylinux_2_17_aarch64.manylinux2014_aarch64.whl", hash = "sha256:b0e8fd5f7729e08451e7ef66134f377e4bf88a9ea25a010f27bcf881e89541ee"},
    {file = "blspy-2.0.2-cp38-cp38-manylinux_2_17_x86_64.manylinux2014_x86_64.whl", hash = "sha256:5603dc3fb30e622be31dd8d1bbfdd5624291f8c56f076a1d177836959c733cff"},
    {file = "blspy-2.0.2-cp38-cp38-win_amd64.whl", hash = "sha256:bf30732ac316b8cafaeaeefa694a96ea4a92922fb86dd3d30f79d48a202e1d51"},
    {file = "blspy-2.0.2-cp39-cp39-macosx_10_14_x86_64.whl", hash = "sha256:286a684b1f645d3c38ccc7882a305ed1b038a0e603ff2f482e493c91ab0f0b58"},
    {file = "blspy-2.0.2-cp39-cp39-macosx_11_0_arm64.whl", hash = "sha256:744043f6e4192f3b431f1433b07144bd198294fd129c9b4a19e0c122474df32b"},
    {file = "blspy-2.0.2-cp39-cp39-manylinux_2_17_aarch64.manylinux2014_aarch64.whl", hash = "sha256:26fb12e7158230f7169781fddf6a4c15dd4366de26d1531a09df986f9706332a"},
    {file = "blspy-2.0.2-cp39-cp39-manylinux_2_17_x86_64.manylinux2014_x86_64.whl", hash = "sha256:6b7183ef57f8675c9d29f4f66ba3a65280fd3742200fc4d8f2f7a53b98b77136"},
    {file = "blspy-2.0.2-cp39-cp39-win_amd64.whl", hash = "sha256:21df21e27b5f7ed56e37f8a6272adb9273ba88d0570d26315e28a41e14c37f43"},
    {file = "blspy-2.0.2.tar.gz", hash = "sha256:9b12d685f3c104d3fe0faf3618f6b824272d131b8ea3843190ad670618736775"},
]

[package.dependencies]
wheel = "*"

[[package]]
name = "clvm"
version = "0.9.7"
description = "[Contract Language | Chialisp] Virtual Machine"
category = "main"
optional = false
python-versions = "*"
files = [
    {file = "clvm-0.9.7-py3-none-any.whl", hash = "sha256:e3f1eebc34950935561d6b3f22178348aada76764a53cfa2fc5649981e3fc0e9"},
]

[package.dependencies]
blspy = ">=0.9"

[package.extras]
dev = ["clvm-tools (>=0.4.2)", "pytest"]

[[package]]
name = "clvm-tools"
version = "0.4.6"
description = "CLVM compiler."
category = "main"
optional = false
python-versions = "*"
files = [
    {file = "clvm_tools-0.4.6-py3-none-any.whl", hash = "sha256:aa2c4009cca1eb1f1fed3479bbe66dc17be53528ece14d70444c3803ed1a3897"},
]

[package.dependencies]
clvm = ">=0.9.2"
clvm-tools-rs = ">=0.1.25"

[package.extras]
dev = ["pytest"]

[[package]]
name = "clvm_tools_rs"
version = "0.1.50"
description = "tools for working with chialisp language; compiler, repl, python and wasm bindings"
category = "main"
optional = false
python-versions = "*"
files = []
develop = false

[package.source]
type = "git"
url = "https://github.com/Chia-Network/clvm_tools_rs.git"
reference = "nightly"
resolved_reference = "dc529afd7a37b927b631d4004fc492c714292309"

[[package]]
name = "wheel"
version = "0.40.0"
description = "A built-package format for Python"
category = "main"
optional = false
python-versions = ">=3.7"
files = [
    {file = "wheel-0.40.0-py3-none-any.whl", hash = "sha256:d236b20e7cb522daf2390fa84c55eea81c5c30190f90f29ae2ca1ad8355bf247"},
    {file = "wheel-0.40.0.tar.gz", hash = "sha256:cd1196f3faee2b31968d626e1731c94f99cbdb67cf5a46e4f5656cbee7738873"},
]

[package.extras]
test = ["pytest (>=6.0.0)"]

[metadata]
lock-version = "2.0"
python-versions = "^3.11"
content-hash = "ea4e6e977991104123b6a0bbc483442934bbe5dac3d5b26f1155d1a4b13fb841"
